<?xml version="1.0" encoding="utf-8"?>
<Project ToolsVersion="4.0" xmlns="http://schemas.microsoft.com/developer/msbuild/2003">
  <ItemGroup>
    <Filter Include="Source Files">
      <UniqueIdentifier>{4FC737F1-C7A5-4376-A066-2A32D752A2FF}</UniqueIdentifier>
      <Extensions>cpp;c;cc;cxx;def;odl;idl;hpj;bat;asm;asmx</Extensions>
    </Filter>
    <Filter Include="Header Files">
      <UniqueIdentifier>{93995380-89BD-4b04-88EB-625FBE52EBFB}</UniqueIdentifier>
      <Extensions>h;hpp;hxx;hm;inl;inc;xsd</Extensions>
    </Filter>
    <Filter Include="Resource Files">
      <UniqueIdentifier>{67DA6AB6-F800-4c08-8B7A-83BB121AAD01}</UniqueIdentifier>
      <Extensions>rc;ico;cur;bmp;dlg;rc2;rct;bin;rgs;gif;jpg;jpeg;jpe;resx;tiff;tif;png;wav</Extensions>
    </Filter>
  </ItemGroup>
  <ItemGroup>
    <ClCompile Include="buffer.cpp">
      <Filter>Source Files</Filter>
    </ClCompile>
    <ClCompile Include="buffered_stream.cpp">
      <Filter>Source Files</Filter>
    </ClCompile>
    <ClCompile Include="chunked_stream.cpp">
      <Filter>Source Files</Filter>
    </ClCompile>
    <ClCompile Include="coroutine.cpp">
      <Filter>Source Files</Filter>
    </ClCompile>
    <ClCompile Include="efs_stream.cpp">
      <Filter>Source Files</Filter>
    </ClCompile>
    <ClCompile Include="fibers.cpp">
      <Filter>Source Files</Filter>
    </ClCompile>
    <ClCompile Include="fibersync.cpp">
      <Filter>Source Files</Filter>
    </ClCompile>
    <ClCompile Include="fls.cpp">
      <Filter>Source Files</Filter>
    </ClCompile>
    <ClCompile Include="future.cpp">
      <Filter>Source Files</Filter>
    </ClCompile>
    <ClCompile Include="hmac.cpp">
      <Filter>Source Files</Filter>
    </ClCompile>
    <ClCompile Include="http.cpp">
      <Filter>Source Files</Filter>
    </ClCompile>
    <ClCompile Include="iomanager.cpp">
      <Filter>Source Files</Filter>
    </ClCompile>
    <ClCompile Include="iomanager_iocp.cpp">
      <Filter>Source Files</Filter>
    </ClCompile>
    <ClCompile Include="json.cpp">
      <Filter>Source Files</Filter>
    </ClCompile>
    <ClCompile Include="log.cpp">
      <Filter>Source Files</Filter>
    </ClCompile>
    <ClCompile Include="memory_stream.cpp">
      <Filter>Source Files</Filter>
    </ClCompile>
    <ClCompile Include="oauth.cpp">
      <Filter>Source Files</Filter>
    </ClCompile>
    <ClCompile Include="pch.cpp">
      <Filter>Source Files</Filter>
    </ClCompile>
    <ClCompile Include="pipe_stream.cpp">
      <Filter>Source Files</Filter>
    </ClCompile>
    <ClCompile Include="run_tests.cpp">
      <Filter>Source Files</Filter>
    </ClCompile>
    <ClCompile Include="scheduler.cpp">
      <Filter>Source Files</Filter>
    </ClCompile>
    <ClCompile Include="socket.cpp">
      <Filter>Source Files</Filter>
    </ClCompile>
    <ClCompile Include="ssl_stream.cpp">
      <Filter>Source Files</Filter>
    </ClCompile>
    <ClCompile Include="stream.cpp">
      <Filter>Source Files</Filter>
    </ClCompile>
    <ClCompile Include="temp_stream.cpp">
      <Filter>Source Files</Filter>
    </ClCompile>
    <ClCompile Include="timeout_stream.cpp">
      <Filter>Source Files</Filter>
    </ClCompile>
    <ClCompile Include="timer.cpp">
      <Filter>Source Files</Filter>
    </ClCompile>
    <ClCompile Include="transfer_stream.cpp">
      <Filter>Source Files</Filter>
    </ClCompile>
    <ClCompile Include="uri.cpp">
      <Filter>Source Files</Filter>
    </ClCompile>
    <ClCompile Include="xml.cpp">
      <Filter>Source Files</Filter>
    </ClCompile>
    <ClCompile Include="zlib.cpp">
      <Filter>Source Files</Filter>
    </ClCompile>
  </ItemGroup>
</Project>