
Microsoft Visual Studio Solution File, Format Version 11.00
# Visual Studio 2010
Project("{2150E333-8FDC-42A3-9474-1A3956D46DE8}") = "Examples", "Examples", "{466AF846-D383-4A5B-8BD5-4CF6071C31F3}"
EndProject
Project("{8BC9CEB8-8B4A-11D0-8D11-00A0C91BC942}") = "mordor", "mordor\mordor.vcxproj", "{FEAC089A-CC93-49C3-8F22-A9AB96F6273A}"
EndProject
Project("{8BC9CEB8-8B4A-11D0-8D11-00A0C91BC942}") = "cat", "mordor\examples\cat.vcxproj", "{05A7ECD4-456F-43FE-9CEA-68213832E9AD}"
EndProject
Project("{8BC9CEB8-8B4A-11D0-8D11-00A0C91BC942}") = "simpleclient", "mordor\examples\simpleclient.vcxproj", "{EAD0A645-D849-44FA-82B5-74A1055AE3AA}"
EndProject
Project("{8BC9CEB8-8B4A-11D0-8D11-00A0C91BC942}") = "wget", "mordor\examples\wget.vcxproj", "{6CC00BFB-5A32-4033-BF7E-64D524B2A247}"
EndProject
Project("{8BC9CEB8-8B4A-11D0-8D11-00A0C91BC942}") = "echoserver", "mordor\examples\echoserver.vcxproj", "{35655735-9C38-4255-81E8-F8CDABEB358E}"
EndProject
Project("{8BC9CEB8-8B4A-11D0-8D11-00A0C91BC942}") = "mordortest", "mordor\test\mordortest.vcxproj", "{CD888334-383F-4DB6-BE16-153BA25D98FB}"
EndProject
Project("{8BC9CEB8-8B4A-11D0-8D11-00A0C91BC942}") = "tests", "mordor\tests\tests.vcxproj", "{5C6B7FB7-B009-423F-BC44-89E70163AFCB}"
EndProject
Project("{8BC9CEB8-8B4A-11D0-8D11-00A0C91BC942}") = "tunnel", "mordor\examples\tunnel.vcxproj", "{41B0154E-EBCA-4518-8957-47623868F2FA}"
EndProject
Project("{8BC9CEB8-8B4A-11D0-8D11-00A0C91BC942}") = "iombench", "mordor\examples\iombench.vcxproj", "{C96B814F-E7C2-4465-8FFB-C49105929E68}"
EndProject
Project("{8BC9CEB8-8B4A-11D0-8D11-00A0C91BC942}") = "decodebacktrace", "mordor\examples\decodebacktrace.vcxproj", "{C7B7CBD7-5D43-4FA5-9970-8C4A09BFAF67}"
EndProject
Project("{8BC9CEB8-8B4A-11D0-8D11-00A0C91BC942}") = "pqtests", "mordor\pq\tests\pqtests.vcxproj", "{935A3C00-3771-41B7-81C3-8E543DC8191A}"
EndProject
Project("{8BC9CEB8-8B4A-11D0-8D11-00A0C91BC942}") = "mordorpq", "mordor\pq\mordorpq.vcxproj", "{A5020D4B-0E75-4DF9-9EEC-501394520228}"
EndProject
Project("{8BC9CEB8-8B4A-11D0-8D11-00A0C91BC942}") = "mordoryaml", "mordor\mordoryaml.vcxproj", "{F62BDA0A-95E6-4A57-987C-EDFE5F90F4B6}"
EndProject
Project("{8BC9CEB8-8B4A-11D0-8D11-00A0C91BC942}") = "mordorprotobuf", "mordor\mordorprotobuf.vcxproj", "{B20A254C-E8B2-49DD-B570-B6125BBBC9AB}"
EndProject
Global
	GlobalSection(SolutionConfigurationPlatforms) = preSolution
		Debug|Win32 = Debug|Win32
		Debug|x64 = Debug|x64
		Release|Win32 = Release|Win32
		Release|x64 = Release|x64
	EndGlobalSection
	GlobalSection(ProjectConfigurationPlatforms) = postSolution
		{FEAC089A-CC93-49C3-8F22-A9AB96F6273A}.Debug|Win32.ActiveCfg = Debug|Win32
		{FEAC089A-CC93-49C3-8F22-A9AB96F6273A}.Debug|Win32.Build.0 = Debug|Win32
		{FEAC089A-CC93-49C3-8F22-A9AB96F6273A}.Debug|x64.ActiveCfg = Debug|x64
		{FEAC089A-CC93-49C3-8F22-A9AB96F6273A}.Debug|x64.Build.0 = Debug|x64
		{FEAC089A-CC93-49C3-8F22-A9AB96F6273A}.Release|Win32.ActiveCfg = Release|Win32
		{FEAC089A-CC93-49C3-8F22-A9AB96F6273A}.Release|Win32.Build.0 = Release|Win32
		{FEAC089A-CC93-49C3-8F22-A9AB96F6273A}.Release|x64.ActiveCfg = Release|x64
		{FEAC089A-CC93-49C3-8F22-A9AB96F6273A}.Release|x64.Build.0 = Release|x64
		{05A7ECD4-456F-43FE-9CEA-68213832E9AD}.Debug|Win32.ActiveCfg = Debug|Win32
		{05A7ECD4-456F-43FE-9CEA-68213832E9AD}.Debug|Win32.Build.0 = Debug|Win32
		{05A7ECD4-456F-43FE-9CEA-68213832E9AD}.Debug|x64.ActiveCfg = Debug|x64
		{05A7ECD4-456F-43FE-9CEA-68213832E9AD}.Debug|x64.Build.0 = Debug|x64
		{05A7ECD4-456F-43FE-9CEA-68213832E9AD}.Release|Win32.ActiveCfg = Release|Win32
		{05A7ECD4-456F-43FE-9CEA-68213832E9AD}.Release|Win32.Build.0 = Release|Win32
		{05A7ECD4-456F-43FE-9CEA-68213832E9AD}.Release|x64.ActiveCfg = Release|x64
		{05A7ECD4-456F-43FE-9CEA-68213832E9AD}.Release|x64.Build.0 = Release|x64
		{EAD0A645-D849-44FA-82B5-74A1055AE3AA}.Debug|Win32.ActiveCfg = Debug|Win32
		{EAD0A645-D849-44FA-82B5-74A1055AE3AA}.Debug|Win32.Build.0 = Debug|Win32
		{EAD0A645-D849-44FA-82B5-74A1055AE3AA}.Debug|x64.ActiveCfg = Debug|x64
		{EAD0A645-D849-44FA-82B5-74A1055AE3AA}.Debug|x64.Build.0 = Debug|x64
		{EAD0A645-D849-44FA-82B5-74A1055AE3AA}.Release|Win32.ActiveCfg = Release|Win32
		{EAD0A645-D849-44FA-82B5-74A1055AE3AA}.Release|Win32.Build.0 = Release|Win32
		{EAD0A645-D849-44FA-82B5-74A1055AE3AA}.Release|x64.ActiveCfg = Release|x64
		{EAD0A645-D849-44FA-82B5-74A1055AE3AA}.Release|x64.Build.0 = Release|x64
		{6CC00BFB-5A32-4033-BF7E-64D524B2A247}.Debug|Win32.ActiveCfg = Debug|Win32
		{6CC00BFB-5A32-4033-BF7E-64D524B2A247}.Debug|Win32.Build.0 = Debug|Win32
		{6CC00BFB-5A32-4033-BF7E-64D524B2A247}.Debug|x64.ActiveCfg = Debug|x64
		{6CC00BFB-5A32-4033-BF7E-64D524B2A247}.Debug|x64.Build.0 = Debug|x64
		{6CC00BFB-5A32-4033-BF7E-64D524B2A247}.Release|Win32.ActiveCfg = Release|Win32
		{6CC00BFB-5A32-4033-BF7E-64D524B2A247}.Release|Win32.Build.0 = Release|Win32
		{6CC00BFB-5A32-4033-BF7E-64D524B2A247}.Release|x64.ActiveCfg = Release|x64
		{6CC00BFB-5A32-4033-BF7E-64D524B2A247}.Release|x64.Build.0 = Release|x64
		{35655735-9C38-4255-81E8-F8CDABEB358E}.Debug|Win32.ActiveCfg = Debug|Win32
		{35655735-9C38-4255-81E8-F8CDABEB358E}.Debug|Win32.Build.0 = Debug|Win32
		{35655735-9C38-4255-81E8-F8CDABEB358E}.Debug|x64.ActiveCfg = Debug|x64
		{35655735-9C38-4255-81E8-F8CDABEB358E}.Debug|x64.Build.0 = Debug|x64
		{35655735-9C38-4255-81E8-F8CDABEB358E}.Release|Win32.ActiveCfg = Release|Win32
		{35655735-9C38-4255-81E8-F8CDABEB358E}.Release|Win32.Build.0 = Release|Win32
		{35655735-9C38-4255-81E8-F8CDABEB358E}.Release|x64.ActiveCfg = Release|x64
		{35655735-9C38-4255-81E8-F8CDABEB358E}.Release|x64.Build.0 = Release|x64
		{CD888334-383F-4DB6-BE16-153BA25D98FB}.Debug|Win32.ActiveCfg = Debug|Win32
		{CD888334-383F-4DB6-BE16-153BA25D98FB}.Debug|Win32.Build.0 = Debug|Win32
		{CD888334-383F-4DB6-BE16-153BA25D98FB}.Debug|x64.ActiveCfg = Debug|x64
		{CD888334-383F-4DB6-BE16-153BA25D98FB}.Debug|x64.Build.0 = Debug|x64
		{CD888334-383F-4DB6-BE16-153BA25D98FB}.Release|Win32.ActiveCfg = Release|Win32
		{CD888334-383F-4DB6-BE16-153BA25D98FB}.Release|Win32.Build.0 = Release|Win32
		{CD888334-383F-4DB6-BE16-153BA25D98FB}.Release|x64.ActiveCfg = Release|x64
		{CD888334-383F-4DB6-BE16-153BA25D98FB}.Release|x64.Build.0 = Release|x64
		{5C6B7FB7-B009-423F-BC44-89E70163AFCB}.Debug|Win32.ActiveCfg = Debug|Win32
		{5C6B7FB7-B009-423F-BC44-89E70163AFCB}.Debug|Win32.Build.0 = Debug|Win32
		{5C6B7FB7-B009-423F-BC44-89E70163AFCB}.Debug|x64.ActiveCfg = Debug|x64
		{5C6B7FB7-B009-423F-BC44-89E70163AFCB}.Debug|x64.Build.0 = Debug|x64
		{5C6B7FB7-B009-423F-BC44-89E70163AFCB}.Release|Win32.ActiveCfg = Release|Win32
		{5C6B7FB7-B009-423F-BC44-89E70163AFCB}.Release|Win32.Build.0 = Release|Win32
		{5C6B7FB7-B009-423F-BC44-89E70163AFCB}.Release|x64.ActiveCfg = Release|x64
		{5C6B7FB7-B009-423F-BC44-89E70163AFCB}.Release|x64.Build.0 = Release|x64
		{41B0154E-EBCA-4518-8957-47623868F2FA}.Debug|Win32.ActiveCfg = Debug|Win32
		{41B0154E-EBCA-4518-8957-47623868F2FA}.Debug|Win32.Build.0 = Debug|Win32
		{41B0154E-EBCA-4518-8957-47623868F2FA}.Debug|x64.ActiveCfg = Debug|x64
		{41B0154E-EBCA-4518-8957-47623868F2FA}.Debug|x64.Build.0 = Debug|x64
		{41B0154E-EBCA-4518-8957-47623868F2FA}.Release|Win32.ActiveCfg = Release|Win32
		{41B0154E-EBCA-4518-8957-47623868F2FA}.Release|Win32.Build.0 = Release|Win32
		{41B0154E-EBCA-4518-8957-47623868F2FA}.Release|x64.ActiveCfg = Release|x64
		{41B0154E-EBCA-4518-8957-47623868F2FA}.Release|x64.Build.0 = Release|x64
		{C96B814F-E7C2-4465-8FFB-C49105929E68}.Debug|Win32.ActiveCfg = Debug|Win32
		{C96B814F-E7C2-4465-8FFB-C49105929E68}.Debug|Win32.Build.0 = Debug|Win32
		{C96B814F-E7C2-4465-8FFB-C49105929E68}.Debug|x64.ActiveCfg = Debug|x64
		{C96B814F-E7C2-4465-8FFB-C49105929E68}.Debug|x64.Build.0 = Debug|x64
		{C96B814F-E7C2-4465-8FFB-C49105929E68}.Release|Win32.ActiveCfg = Release|Win32
		{C96B814F-E7C2-4465-8FFB-C49105929E68}.Release|Win32.Build.0 = Release|Win32
		{C96B814F-E7C2-4465-8FFB-C49105929E68}.Release|x64.ActiveCfg = Release|x64
		{C96B814F-E7C2-4465-8FFB-C49105929E68}.Release|x64.Build.0 = Release|x64
		{C7B7CBD7-5D43-4FA5-9970-8C4A09BFAF67}.Debug|Win32.ActiveCfg = Debug|Win32
		{C7B7CBD7-5D43-4FA5-9970-8C4A09BFAF67}.Debug|Win32.Build.0 = Debug|Win32
		{C7B7CBD7-5D43-4FA5-9970-8C4A09BFAF67}.Debug|x64.ActiveCfg = Debug|x64
		{C7B7CBD7-5D43-4FA5-9970-8C4A09BFAF67}.Debug|x64.Build.0 = Debug|x64
		{C7B7CBD7-5D43-4FA5-9970-8C4A09BFAF67}.Release|Win32.ActiveCfg = Release|Win32
		{C7B7CBD7-5D43-4FA5-9970-8C4A09BFAF67}.Release|Win32.Build.0 = Release|Win32
		{C7B7CBD7-5D43-4FA5-9970-8C4A09BFAF67}.Release|x64.ActiveCfg = Release|x64
		{C7B7CBD7-5D43-4FA5-9970-8C4A09BFAF67}.Release|x64.Build.0 = Release|x64
		{935A3C00-3771-41B7-81C3-8E543DC8191A}.Debug|Win32.ActiveCfg = Debug|Win32
		{935A3C00-3771-41B7-81C3-8E543DC8191A}.Debug|x64.ActiveCfg = Debug|x64
		{935A3C00-3771-41B7-81C3-8E543DC8191A}.Release|Win32.ActiveCfg = Release|Win32
		{935A3C00-3771-41B7-81C3-8E543DC8191A}.Release|x64.ActiveCfg = Release|x64
		{A5020D4B-0E75-4DF9-9EEC-501394520228}.Debug|Win32.ActiveCfg = Debug|Win32
		{A5020D4B-0E75-4DF9-9EEC-501394520228}.Debug|x64.ActiveCfg = Debug|x64
		{A5020D4B-0E75-4DF9-9EEC-501394520228}.Release|Win32.ActiveCfg = Release|Win32
		{A5020D4B-0E75-4DF9-9EEC-501394520228}.Release|x64.ActiveCfg = Release|x64
		{F62BDA0A-95E6-4A57-987C-EDFE5F90F4B6}.Debug|Win32.ActiveCfg = Debug|Win32
		{F62BDA0A-95E6-4A57-987C-EDFE5F90F4B6}.Debug|x64.ActiveCfg = Debug|x64
		{F62BDA0A-95E6-4A57-987C-EDFE5F90F4B6}.Release|Win32.ActiveCfg = Release|Win32
		{F62BDA0A-95E6-4A57-987C-EDFE5F90F4B6}.Release|Win32.Build.0 = Release|Win32
		{F62BDA0A-95E6-4A57-987C-EDFE5F90F4B6}.Release|x64.ActiveCfg = Release|x64
		{B20A254C-E8B2-49DD-B570-B6125BBBC9AB}.Debug|Win32.ActiveCfg = Debug|Win32
		{B20A254C-E8B2-49DD-B570-B6125BBBC9AB}.Debug|x64.ActiveCfg = Debug|x64
		{B20A254C-E8B2-49DD-B570-B6125BBBC9AB}.Release|Win32.ActiveCfg = Release|Win32
		{B20A254C-E8B2-49DD-B570-B6125BBBC9AB}.Release|Win32.Build.0 = Release|Win32
		{B20A254C-E8B2-49DD-B570-B6125BBBC9AB}.Release|x64.ActiveCfg = Release|x64
	EndGlobalSection
	GlobalSection(SolutionProperties) = preSolution
		HideSolutionNode = FALSE
	EndGlobalSection
	GlobalSection(NestedProjects) = preSolution
		{05A7ECD4-456F-43FE-9CEA-68213832E9AD} = {466AF846-D383-4A5B-8BD5-4CF6071C31F3}
		{EAD0A645-D849-44FA-82B5-74A1055AE3AA} = {466AF846-D383-4A5B-8BD5-4CF6071C31F3}
		{6CC00BFB-5A32-4033-BF7E-64D524B2A247} = {466AF846-D383-4A5B-8BD5-4CF6071C31F3}
		{35655735-9C38-4255-81E8-F8CDABEB358E} = {466AF846-D383-4A5B-8BD5-4CF6071C31F3}
		{41B0154E-EBCA-4518-8957-47623868F2FA} = {466AF846-D383-4A5B-8BD5-4CF6071C31F3}
		{C96B814F-E7C2-4465-8FFB-C49105929E68} = {466AF846-D383-4A5B-8BD5-4CF6071C31F3}
		{C7B7CBD7-5D43-4FA5-9970-8C4A09BFAF67} = {466AF846-D383-4A5B-8BD5-4CF6071C31F3}
	EndGlobalSection
EndGlobal
