<?xml version="1.0" encoding="utf-8"?>
<Project ToolsVersion="4.0" xmlns="http://schemas.microsoft.com/developer/msbuild/2003">
  <ItemGroup>
    <Filter Include="Source Files">
      <UniqueIdentifier>{4FC737F1-C7A5-4376-A066-2A32D752A2FF}</UniqueIdentifier>
      <Extensions>cpp;c;cc;cxx;def;odl;idl;hpj;bat;asm;asmx</Extensions>
    </Filter>
    <Filter Include="Header Files">
      <UniqueIdentifier>{93995380-89BD-4b04-88EB-625FBE52EBFB}</UniqueIdentifier>
      <Extensions>h;hpp;hxx;hm;inl;inc;xsd</Extensions>
    </Filter>
  </ItemGroup>
  <ItemGroup>
    <ClCompile Include="assert.cpp">
      <Filter>Source Files</Filter>
    </ClCompile>
    <ClCompile Include="http\auth.cpp">
      <Filter>Source Files</Filter>
    </ClCompile>
    <ClCompile Include="http\basic.cpp">
      <Filter>Source Files</Filter>
    </ClCompile>
    <ClCompile Include="http\broker.cpp">
      <Filter>Source Files</Filter>
    </ClCompile>
    <ClCompile Include="streams\buffer.cpp">
      <Filter>Source Files</Filter>
    </ClCompile>
    <ClCompile Include="streams\buffered.cpp">
      <Filter>Source Files</Filter>
    </ClCompile>
    <ClCompile Include="streams\cat.cpp">
      <Filter>Source Files</Filter>
    </ClCompile>
    <ClCompile Include="http\chunked.cpp">
      <Filter>Source Files</Filter>
    </ClCompile>
    <ClCompile Include="http\client.cpp">
      <Filter>Source Files</Filter>
    </ClCompile>
    <ClCompile Include="config.cpp">
      <Filter>Source Files</Filter>
    </ClCompile>
    <ClCompile Include="http\connection.cpp">
      <Filter>Source Files</Filter>
    </ClCompile>
    <ClCompile Include="date_time.cpp">
      <Filter>Source Files</Filter>
    </ClCompile>
    <ClCompile Include="http\digest.cpp">
      <Filter>Source Files</Filter>
    </ClCompile>
    <ClCompile Include="streams\efs.cpp">
      <Filter>Source Files</Filter>
    </ClCompile>
    <ClCompile Include="eventloop.cpp">
      <Filter>Source Files</Filter>
    </ClCompile>
    <ClCompile Include="exception.cpp">
      <Filter>Source Files</Filter>
    </ClCompile>
    <ClCompile Include="fiber.cpp">
      <Filter>Source Files</Filter>
    </ClCompile>
    <ClCompile Include="streams\file.cpp">
      <Filter>Source Files</Filter>
    </ClCompile>
    <ClCompile Include="streams\handle.cpp">
      <Filter>Source Files</Filter>
    </ClCompile>
    <ClCompile Include="streams\hash.cpp">
      <Filter>Source Files</Filter>
    </ClCompile>
    <ClCompile Include="streams\http.cpp">
      <Filter>Source Files</Filter>
    </ClCompile>
    <ClCompile Include="http\http.cpp">
      <Filter>Source Files</Filter>
    </ClCompile>
    <ClCompile Include="iomanager_iocp.cpp">
      <Filter>Source Files</Filter>
    </ClCompile>
    <ClCompile Include="streams\limited.cpp">
      <Filter>Source Files</Filter>
    </ClCompile>
    <ClCompile Include="log.cpp">
      <Filter>Source Files</Filter>
    </ClCompile>
    <ClCompile Include="streams\memory.cpp">
      <Filter>Source Files</Filter>
    </ClCompile>
    <ClCompile Include="http\multipart.cpp">
      <Filter>Source Files</Filter>
    </ClCompile>
    <ClCompile Include="streams\namedpipe.cpp">
      <Filter>Source Files</Filter>
    </ClCompile>
    <ClCompile Include="http\negotiate.cpp">
      <Filter>Source Files</Filter>
    </ClCompile>
    <ClCompile Include="streams\null.cpp">
      <Filter>Source Files</Filter>
    </ClCompile>
    <ClCompile Include="http\oauth.cpp">
      <Filter>Source Files</Filter>
    </ClCompile>
    <ClCompile Include="pch.cpp">
      <Filter>Source Files</Filter>
    </ClCompile>
    <ClCompile Include="streams\pipe.cpp">
      <Filter>Source Files</Filter>
    </ClCompile>
    <ClCompile Include="http\proxy.cpp">
      <Filter>Source Files</Filter>
    </ClCompile>
    <ClCompile Include="ragel.cpp">
      <Filter>Source Files</Filter>
    </ClCompile>
    <ClCompile Include="streams\random.cpp">
      <Filter>Source Files</Filter>
    </ClCompile>
    <ClCompile Include="runtime_linking.cpp">
      <Filter>Source Files</Filter>
    </ClCompile>
    <ClCompile Include="scheduler.cpp">
      <Filter>Source Files</Filter>
    </ClCompile>
    <ClCompile Include="semaphore.cpp">
      <Filter>Source Files</Filter>
    </ClCompile>
    <ClCompile Include="http\server.cpp">
      <Filter>Source Files</Filter>
    </ClCompile>
    <ClCompile Include="sleep.cpp">
      <Filter>Source Files</Filter>
    </ClCompile>
    <ClCompile Include="streams\socket.cpp">
      <Filter>Source Files</Filter>
    </ClCompile>
    <ClCompile Include="socket.cpp">
      <Filter>Source Files</Filter>
    </ClCompile>
    <ClCompile Include="streams\ssl.cpp">
      <Filter>Source Files</Filter>
    </ClCompile>
    <ClCompile Include="statistics.cpp">
      <Filter>Source Files</Filter>
    </ClCompile>
    <ClCompile Include="streams\std.cpp">
      <Filter>Source Files</Filter>
    </ClCompile>
    <ClCompile Include="streams\stream.cpp">
      <Filter>Source Files</Filter>
    </ClCompile>
    <ClCompile Include="string.cpp">
      <Filter>Source Files</Filter>
    </ClCompile>
    <ClCompile Include="streams\temp.cpp">
      <Filter>Source Files</Filter>
    </ClCompile>
    <ClCompile Include="streams\test.cpp">
      <Filter>Source Files</Filter>
    </ClCompile>
    <ClCompile Include="streams\throttle.cpp">
      <Filter>Source Files</Filter>
    </ClCompile>
    <ClCompile Include="streams\timeout.cpp">
      <Filter>Source Files</Filter>
    </ClCompile>
    <ClCompile Include="timer.cpp">
      <Filter>Source Files</Filter>
    </ClCompile>
    <ClCompile Include="streams\transfer.cpp">
      <Filter>Source Files</Filter>
    </ClCompile>
    <ClCompile Include="streams\zlib.cpp">
      <Filter>Source Files</Filter>
    </ClCompile>
    <ClCompile Include="socks.cpp">
      <Filter>Source Files</Filter>
    </ClCompile>
    <ClCompile Include="main.cpp">
      <Filter>Source Files</Filter>
    </ClCompile>
    <ClCompile Include="daemon.cpp">
      <Filter>Source Files</Filter>
    </ClCompile>
    <ClCompile Include="streams\filter.cpp">
      <Filter>Source Files</Filter>
    </ClCompile>
    <ClCompile Include="streams\singleplex.cpp">
      <Filter>Source Files</Filter>
    </ClCompile>
    <ClCompile Include="fibersynchronization.cpp">
      <Filter>Source Files</Filter>
    </ClCompile>
    <ClCompile Include="parallel.cpp">
      <Filter>Source Files</Filter>
    </ClCompile>
    <ClCompile Include="workerpool.cpp">
      <Filter>Source Files</Filter>
    </ClCompile>
    <ClCompile Include="thread.cpp">
      <Filter>Source Files</Filter>
    </ClCompile>
    <ClCompile Include="zip.cpp">
      <Filter>Source Files</Filter>
    </ClCompile>
    <ClCompile Include="http\servlet.cpp">
      <Filter>Source Files</Filter>
    </ClCompile>
    <ClCompile Include="http\servlets\config.cpp">
      <Filter>Source Files</Filter>
    </ClCompile>
    <ClCompile Include="streams\crypto.cpp">
      <Filter>Source Files</Filter>
    </ClCompile>
    <ClCompile Include="util.cpp">
      <Filter>Source Files</Filter>
    </ClCompile>
  </ItemGroup>
  <ItemGroup>
    <ClInclude Include="anymap.h">
      <Filter>Header Files</Filter>
    </ClInclude>
    <ClInclude Include="assert.h">
      <Filter>Header Files</Filter>
    </ClInclude>
    <ClInclude Include="atomic.h">
      <Filter>Header Files</Filter>
    </ClInclude>
    <ClInclude Include="http\auth.h">
      <Filter>Header Files</Filter>
    </ClInclude>
    <ClInclude Include="http\basic.h">
      <Filter>Header Files</Filter>
    </ClInclude>
    <ClInclude Include="http\broker.h">
      <Filter>Header Files</Filter>
    </ClInclude>
    <ClInclude Include="streams\buffer.h">
      <Filter>Header Files</Filter>
    </ClInclude>
    <ClInclude Include="streams\buffered.h">
      <Filter>Header Files</Filter>
    </ClInclude>
    <ClInclude Include="streams\cat.h">
      <Filter>Header Files</Filter>
    </ClInclude>
    <ClInclude Include="http\chunked.h">
      <Filter>Header Files</Filter>
    </ClInclude>
    <ClInclude Include="http\client.h">
      <Filter>Header Files</Filter>
    </ClInclude>
    <ClInclude Include="config.h">
      <Filter>Header Files</Filter>
    </ClInclude>
    <ClInclude Include="http\connection.h">
      <Filter>Header Files</Filter>
    </ClInclude>
    <ClInclude Include="coroutine.h">
      <Filter>Header Files</Filter>
    </ClInclude>
    <ClInclude Include="date_time.h">
      <Filter>Header Files</Filter>
    </ClInclude>
    <ClInclude Include="streams\deflate.h">
      <Filter>Header Files</Filter>
    </ClInclude>
    <ClInclude Include="http\digest.h">
      <Filter>Header Files</Filter>
    </ClInclude>
    <ClInclude Include="streams\duplex.h">
      <Filter>Header Files</Filter>
    </ClInclude>
    <ClInclude Include="streams\efs.h">
      <Filter>Header Files</Filter>
    </ClInclude>
    <ClInclude Include="endian.h">
      <Filter>Header Files</Filter>
    </ClInclude>
    <ClInclude Include="eventloop.h">
      <Filter>Header Files</Filter>
    </ClInclude>
    <ClInclude Include="exception.h">
      <Filter>Header Files</Filter>
    </ClInclude>
    <ClInclude Include="fiber.h">
      <Filter>Header Files</Filter>
    </ClInclude>
    <ClInclude Include="streams\file.h">
      <Filter>Header Files</Filter>
    </ClInclude>
    <ClInclude Include="streams\filter.h">
      <Filter>Header Files</Filter>
    </ClInclude>
    <ClInclude Include="future.h">
      <Filter>Header Files</Filter>
    </ClInclude>
    <ClInclude Include="streams\gzip.h">
      <Filter>Header Files</Filter>
    </ClInclude>
    <ClInclude Include="streams\handle.h">
      <Filter>Header Files</Filter>
    </ClInclude>
    <ClInclude Include="streams\hash.h">
      <Filter>Header Files</Filter>
    </ClInclude>
    <ClInclude Include="http\http.h">
      <Filter>Header Files</Filter>
    </ClInclude>
    <ClInclude Include="streams\http.h">
      <Filter>Header Files</Filter>
    </ClInclude>
    <ClInclude Include="iomanager.h">
      <Filter>Header Files</Filter>
    </ClInclude>
    <ClInclude Include="iomanager_iocp.h">
      <Filter>Header Files</Filter>
    </ClInclude>
    <ClInclude Include="json.h">
      <Filter>Header Files</Filter>
    </ClInclude>
    <ClInclude Include="streams\limited.h">
      <Filter>Header Files</Filter>
    </ClInclude>
    <ClInclude Include="log.h">
      <Filter>Header Files</Filter>
    </ClInclude>
    <ClInclude Include="streams\memory.h">
      <Filter>Header Files</Filter>
    </ClInclude>
    <ClInclude Include="http\multipart.h">
      <Filter>Header Files</Filter>
    </ClInclude>
    <ClInclude Include="streams\namedpipe.h">
      <Filter>Header Files</Filter>
    </ClInclude>
    <ClInclude Include="http\negotiate.h">
      <Filter>Header Files</Filter>
    </ClInclude>
    <ClInclude Include="streams\notify.h">
      <Filter>Header Files</Filter>
    </ClInclude>
    <ClInclude Include="streams\null.h">
      <Filter>Header Files</Filter>
    </ClInclude>
    <ClInclude Include="http\oauth.h">
      <Filter>Header Files</Filter>
    </ClInclude>
    <ClInclude Include="http\parser.h">
      <Filter>Header Files</Filter>
    </ClInclude>
    <ClInclude Include="xml\parser.h">
      <Filter>Header Files</Filter>
    </ClInclude>
    <ClInclude Include="pch.h">
      <Filter>Header Files</Filter>
    </ClInclude>
    <ClInclude Include="streams\pipe.h">
      <Filter>Header Files</Filter>
    </ClInclude>
    <ClInclude Include="predef.h">
      <Filter>Header Files</Filter>
    </ClInclude>
    <ClInclude Include="streams\progress.h">
      <Filter>Header Files</Filter>
    </ClInclude>
    <ClInclude Include="http\proxy.h">
      <Filter>Header Files</Filter>
    </ClInclude>
    <ClInclude Include="ragel.h">
      <Filter>Header Files</Filter>
    </ClInclude>
    <ClInclude Include="streams\random.h">
      <Filter>Header Files</Filter>
    </ClInclude>
    <ClInclude Include="runtime_linking.h">
      <Filter>Header Files</Filter>
    </ClInclude>
    <ClInclude Include="scheduler.h">
      <Filter>Header Files</Filter>
    </ClInclude>
    <ClInclude Include="streams\scheduler.h">
      <Filter>Header Files</Filter>
    </ClInclude>
    <ClInclude Include="semaphore.h">
      <Filter>Header Files</Filter>
    </ClInclude>
    <ClInclude Include="http\server.h">
      <Filter>Header Files</Filter>
    </ClInclude>
    <ClInclude Include="streams\singleplex.h">
      <Filter>Header Files</Filter>
    </ClInclude>
    <ClInclude Include="sleep.h">
      <Filter>Header Files</Filter>
    </ClInclude>
    <ClInclude Include="streams\socket.h">
      <Filter>Header Files</Filter>
    </ClInclude>
    <ClInclude Include="socket.h">
      <Filter>Header Files</Filter>
    </ClInclude>
    <ClInclude Include="streams\ssl.h">
      <Filter>Header Files</Filter>
    </ClInclude>
    <ClInclude Include="statistics.h">
      <Filter>Header Files</Filter>
    </ClInclude>
    <ClInclude Include="streams\std.h">
      <Filter>Header Files</Filter>
    </ClInclude>
    <ClInclude Include="streams\stream.h">
      <Filter>Header Files</Filter>
    </ClInclude>
    <ClInclude Include="string.h">
      <Filter>Header Files</Filter>
    </ClInclude>
    <ClInclude Include="streams\temp.h">
      <Filter>Header Files</Filter>
    </ClInclude>
    <ClInclude Include="streams\test.h">
      <Filter>Header Files</Filter>
    </ClInclude>
    <ClInclude Include="thread_local_storage.h">
      <Filter>Header Files</Filter>
    </ClInclude>
    <ClInclude Include="streams\throttle.h">
      <Filter>Header Files</Filter>
    </ClInclude>
    <ClInclude Include="streams\timeout.h">
      <Filter>Header Files</Filter>
    </ClInclude>
    <ClInclude Include="timer.h">
      <Filter>Header Files</Filter>
    </ClInclude>
    <ClInclude Include="streams\transfer.h">
      <Filter>Header Files</Filter>
    </ClInclude>
    <ClInclude Include="uri.h">
      <Filter>Header Files</Filter>
    </ClInclude>
    <ClInclude Include="util.h">
      <Filter>Header Files</Filter>
    </ClInclude>
    <ClInclude Include="version.h">
      <Filter>Header Files</Filter>
    </ClInclude>
    <ClInclude Include="streams\zlib.h">
      <Filter>Header Files</Filter>
    </ClInclude>
    <ClInclude Include="socks.h">
      <Filter>Header Files</Filter>
    </ClInclude>
    <ClInclude Include="main.h">
      <Filter>Header Files</Filter>
    </ClInclude>
    <ClInclude Include="daemon.h">
      <Filter>Header Files</Filter>
    </ClInclude>
    <ClInclude Include="workerpool.h">
      <Filter>Header Files</Filter>
    </ClInclude>
    <ClInclude Include="parallel.h">
      <Filter>Header Files</Filter>
    </ClInclude>
    <ClInclude Include="fibersynchronization.h">
      <Filter>Header Files</Filter>
    </ClInclude>
    <ClInclude Include="thread.h">
      <Filter>Header Files</Filter>
    </ClInclude>
    <ClInclude Include="zip.h">
      <Filter>Header Files</Filter>
    </ClInclude>
    <ClInclude Include="http\servlet.h">
      <Filter>Header Files</Filter>
    </ClInclude>
    <ClInclude Include="factory.h">
      <Filter>Header Files</Filter>
    </ClInclude>
    <ClInclude Include="http\servlets\config.h">
      <Filter>Header Files</Filter>
    </ClInclude>
    <ClInclude Include="streams\crypto.h">
      <Filter>Header Files</Filter>
    </ClInclude>
  </ItemGroup>
  <ItemGroup>
    <Ragel Include="http\http_parser.rl" />
    <Ragel Include="json.rl" />
    <Ragel Include="uri.rl" />
    <Ragel Include="xml\xml_parser.rl" />
  </ItemGroup>
</Project>