
Microsoft Visual Studio Solution File, Format Version 10.00
# Visual Studio 2008
Project("{8BC9CEB8-8B4A-11D0-8D11-00A0C91BC942}") = "common", "common\common.vcproj", "{FEAC089A-CC93-49C3-8F22-A9AB96F6273A}"
EndProject
Project("{8BC9CEB8-8B4A-11D0-8D11-00A0C91BC942}") = "cat", "common\examples\cat.vcproj", "{05A7ECD4-456F-43FE-9CEA-68213832E9AD}"
	ProjectSection(ProjectDependencies) = postProject
		{FEAC089A-CC93-49C3-8F22-A9AB96F6273A} = {FEAC089A-CC93-49C3-8F22-A9AB96F6273A}
	EndProjectSection
EndProject
Project("{8BC9CEB8-8B4A-11D0-8D11-00A0C91BC942}") = "simpleclient", "common\examples\simpleclient.vcproj", "{EAD0A645-D849-44FA-82B5-74A1055AE3AA}"
	ProjectSection(ProjectDependencies) = postProject
		{FEAC089A-CC93-49C3-8F22-A9AB96F6273A} = {FEAC089A-CC93-49C3-8F22-A9AB96F6273A}
	EndProjectSection
EndProject
Project("{8BC9CEB8-8B4A-11D0-8D11-00A0C91BC942}") = "wget", "common\examples\wget.vcproj", "{6CC00BFB-5A32-4033-BF7E-64D524B2A247}"
	ProjectSection(ProjectDependencies) = postProject
		{FEAC089A-CC93-49C3-8F22-A9AB96F6273A} = {FEAC089A-CC93-49C3-8F22-A9AB96F6273A}
	EndProjectSection
EndProject
Project("{8BC9CEB8-8B4A-11D0-8D11-00A0C91BC942}") = "echoserver", "common\examples\echoserver.vcproj", "{35655735-9C38-4255-81E8-F8CDABEB358E}"
	ProjectSection(ProjectDependencies) = postProject
		{FEAC089A-CC93-49C3-8F22-A9AB96F6273A} = {FEAC089A-CC93-49C3-8F22-A9AB96F6273A}
	EndProjectSection
EndProject
Project("{8BC9CEB8-8B4A-11D0-8D11-00A0C91BC942}") = "client", "triton\client\client.vcproj", "{2A105D09-5FE6-4052-867D-80D85A96BD7B}"
EndProject
Project("{8BC9CEB8-8B4A-11D0-8D11-00A0C91BC942}") = "list", "triton\client\list.vcproj", "{C5E93091-F617-4FD6-8510-FF7EA9299753}"
	ProjectSection(ProjectDependencies) = postProject
		{2A105D09-5FE6-4052-867D-80D85A96BD7B} = {2A105D09-5FE6-4052-867D-80D85A96BD7B}
		{FEAC089A-CC93-49C3-8F22-A9AB96F6273A} = {FEAC089A-CC93-49C3-8F22-A9AB96F6273A}
	EndProjectSection
EndProject
Project("{8BC9CEB8-8B4A-11D0-8D11-00A0C91BC942}") = "test", "test\test.vcproj", "{CD888334-383F-4DB6-BE16-153BA25D98FB}"
EndProject
Project("{8BC9CEB8-8B4A-11D0-8D11-00A0C91BC942}") = "common_tests", "common\tests\common_tests.vcproj", "{5C6B7FB7-B009-423F-BC44-89E70163AFCB}"
	ProjectSection(ProjectDependencies) = postProject
		{CD888334-383F-4DB6-BE16-153BA25D98FB} = {CD888334-383F-4DB6-BE16-153BA25D98FB}
		{FEAC089A-CC93-49C3-8F22-A9AB96F6273A} = {FEAC089A-CC93-49C3-8F22-A9AB96F6273A}
	EndProjectSection
EndProject
Project("{8BC9CEB8-8B4A-11D0-8D11-00A0C91BC942}") = "kalypso", "kalypso\kalypso.vcproj", "{84D50395-DE0B-4DF5-A479-6EA99A7DC89C}"
EndProject
Project("{8BC9CEB8-8B4A-11D0-8D11-00A0C91BC942}") = "kalypso_tests", "kalypso\tests\kalypso_tests.vcproj", "{1E2FE9A1-FC85-4DCF-A752-13A333080E7B}"
	ProjectSection(ProjectDependencies) = postProject
		{CD888334-383F-4DB6-BE16-153BA25D98FB} = {CD888334-383F-4DB6-BE16-153BA25D98FB}
		{84D50395-DE0B-4DF5-A479-6EA99A7DC89C} = {84D50395-DE0B-4DF5-A479-6EA99A7DC89C}
		{FEAC089A-CC93-49C3-8F22-A9AB96F6273A} = {FEAC089A-CC93-49C3-8F22-A9AB96F6273A}
	EndProjectSection
EndProject
Global
	GlobalSection(SolutionConfigurationPlatforms) = preSolution
		Debug|Win32 = Debug|Win32
		Debug|x64 = Debug|x64
		Release|Win32 = Release|Win32
		Release|x64 = Release|x64
	EndGlobalSection
	GlobalSection(ProjectConfigurationPlatforms) = postSolution
		{FEAC089A-CC93-49C3-8F22-A9AB96F6273A}.Debug|Win32.ActiveCfg = Debug|Win32
		{FEAC089A-CC93-49C3-8F22-A9AB96F6273A}.Debug|Win32.Build.0 = Debug|Win32
		{FEAC089A-CC93-49C3-8F22-A9AB96F6273A}.Debug|x64.ActiveCfg = Debug|x64
		{FEAC089A-CC93-49C3-8F22-A9AB96F6273A}.Debug|x64.Build.0 = Debug|x64
		{FEAC089A-CC93-49C3-8F22-A9AB96F6273A}.Release|Win32.ActiveCfg = Release|Win32
		{FEAC089A-CC93-49C3-8F22-A9AB96F6273A}.Release|Win32.Build.0 = Release|Win32
		{FEAC089A-CC93-49C3-8F22-A9AB96F6273A}.Release|x64.ActiveCfg = Release|x64
		{FEAC089A-CC93-49C3-8F22-A9AB96F6273A}.Release|x64.Build.0 = Release|x64
		{05A7ECD4-456F-43FE-9CEA-68213832E9AD}.Debug|Win32.ActiveCfg = Debug|Win32
		{05A7ECD4-456F-43FE-9CEA-68213832E9AD}.Debug|Win32.Build.0 = Debug|Win32
		{05A7ECD4-456F-43FE-9CEA-68213832E9AD}.Debug|x64.ActiveCfg = Debug|x64
		{05A7ECD4-456F-43FE-9CEA-68213832E9AD}.Debug|x64.Build.0 = Debug|x64
		{05A7ECD4-456F-43FE-9CEA-68213832E9AD}.Release|Win32.ActiveCfg = Release|Win32
		{05A7ECD4-456F-43FE-9CEA-68213832E9AD}.Release|Win32.Build.0 = Release|Win32
		{05A7ECD4-456F-43FE-9CEA-68213832E9AD}.Release|x64.ActiveCfg = Release|x64
		{05A7ECD4-456F-43FE-9CEA-68213832E9AD}.Release|x64.Build.0 = Release|x64
		{EAD0A645-D849-44FA-82B5-74A1055AE3AA}.Debug|Win32.ActiveCfg = Debug|Win32
		{EAD0A645-D849-44FA-82B5-74A1055AE3AA}.Debug|Win32.Build.0 = Debug|Win32
		{EAD0A645-D849-44FA-82B5-74A1055AE3AA}.Debug|x64.ActiveCfg = Debug|x64
		{EAD0A645-D849-44FA-82B5-74A1055AE3AA}.Debug|x64.Build.0 = Debug|x64
		{EAD0A645-D849-44FA-82B5-74A1055AE3AA}.Release|Win32.ActiveCfg = Release|Win32
		{EAD0A645-D849-44FA-82B5-74A1055AE3AA}.Release|Win32.Build.0 = Release|Win32
		{EAD0A645-D849-44FA-82B5-74A1055AE3AA}.Release|x64.ActiveCfg = Release|x64
		{EAD0A645-D849-44FA-82B5-74A1055AE3AA}.Release|x64.Build.0 = Release|x64
		{6CC00BFB-5A32-4033-BF7E-64D524B2A247}.Debug|Win32.ActiveCfg = Debug|Win32
		{6CC00BFB-5A32-4033-BF7E-64D524B2A247}.Debug|Win32.Build.0 = Debug|Win32
		{6CC00BFB-5A32-4033-BF7E-64D524B2A247}.Debug|x64.ActiveCfg = Debug|x64
		{6CC00BFB-5A32-4033-BF7E-64D524B2A247}.Debug|x64.Build.0 = Debug|x64
		{6CC00BFB-5A32-4033-BF7E-64D524B2A247}.Release|Win32.ActiveCfg = Release|Win32
		{6CC00BFB-5A32-4033-BF7E-64D524B2A247}.Release|Win32.Build.0 = Release|Win32
		{6CC00BFB-5A32-4033-BF7E-64D524B2A247}.Release|x64.ActiveCfg = Release|x64
		{6CC00BFB-5A32-4033-BF7E-64D524B2A247}.Release|x64.Build.0 = Release|x64
		{35655735-9C38-4255-81E8-F8CDABEB358E}.Debug|Win32.ActiveCfg = Debug|Win32
		{35655735-9C38-4255-81E8-F8CDABEB358E}.Debug|Win32.Build.0 = Debug|Win32
		{35655735-9C38-4255-81E8-F8CDABEB358E}.Debug|x64.ActiveCfg = Debug|x64
		{35655735-9C38-4255-81E8-F8CDABEB358E}.Debug|x64.Build.0 = Debug|x64
		{35655735-9C38-4255-81E8-F8CDABEB358E}.Release|Win32.ActiveCfg = Release|Win32
		{35655735-9C38-4255-81E8-F8CDABEB358E}.Release|Win32.Build.0 = Release|Win32
		{35655735-9C38-4255-81E8-F8CDABEB358E}.Release|x64.ActiveCfg = Release|x64
		{35655735-9C38-4255-81E8-F8CDABEB358E}.Release|x64.Build.0 = Release|x64
		{2A105D09-5FE6-4052-867D-80D85A96BD7B}.Debug|Win32.ActiveCfg = Debug|Win32
		{2A105D09-5FE6-4052-867D-80D85A96BD7B}.Debug|Win32.Build.0 = Debug|Win32
		{2A105D09-5FE6-4052-867D-80D85A96BD7B}.Debug|x64.ActiveCfg = Debug|x64
		{2A105D09-5FE6-4052-867D-80D85A96BD7B}.Debug|x64.Build.0 = Debug|x64
		{2A105D09-5FE6-4052-867D-80D85A96BD7B}.Release|Win32.ActiveCfg = Release|Win32
		{2A105D09-5FE6-4052-867D-80D85A96BD7B}.Release|Win32.Build.0 = Release|Win32
		{2A105D09-5FE6-4052-867D-80D85A96BD7B}.Release|x64.ActiveCfg = Release|x64
		{2A105D09-5FE6-4052-867D-80D85A96BD7B}.Release|x64.Build.0 = Release|x64
		{C5E93091-F617-4FD6-8510-FF7EA9299753}.Debug|Win32.ActiveCfg = Debug|Win32
		{C5E93091-F617-4FD6-8510-FF7EA9299753}.Debug|Win32.Build.0 = Debug|Win32
		{C5E93091-F617-4FD6-8510-FF7EA9299753}.Debug|x64.ActiveCfg = Debug|x64
		{C5E93091-F617-4FD6-8510-FF7EA9299753}.Debug|x64.Build.0 = Debug|x64
		{C5E93091-F617-4FD6-8510-FF7EA9299753}.Release|Win32.ActiveCfg = Release|Win32
		{C5E93091-F617-4FD6-8510-FF7EA9299753}.Release|Win32.Build.0 = Release|Win32
		{C5E93091-F617-4FD6-8510-FF7EA9299753}.Release|x64.ActiveCfg = Release|x64
		{C5E93091-F617-4FD6-8510-FF7EA9299753}.Release|x64.Build.0 = Release|x64
		{CD888334-383F-4DB6-BE16-153BA25D98FB}.Debug|Win32.ActiveCfg = Debug|Win32
		{CD888334-383F-4DB6-BE16-153BA25D98FB}.Debug|Win32.Build.0 = Debug|Win32
		{CD888334-383F-4DB6-BE16-153BA25D98FB}.Debug|x64.ActiveCfg = Debug|x64
		{CD888334-383F-4DB6-BE16-153BA25D98FB}.Debug|x64.Build.0 = Debug|x64
		{CD888334-383F-4DB6-BE16-153BA25D98FB}.Release|Win32.ActiveCfg = Release|Win32
		{CD888334-383F-4DB6-BE16-153BA25D98FB}.Release|Win32.Build.0 = Release|Win32
		{CD888334-383F-4DB6-BE16-153BA25D98FB}.Release|x64.ActiveCfg = Release|x64
		{CD888334-383F-4DB6-BE16-153BA25D98FB}.Release|x64.Build.0 = Release|x64
		{5C6B7FB7-B009-423F-BC44-89E70163AFCB}.Debug|Win32.ActiveCfg = Debug|Win32
		{5C6B7FB7-B009-423F-BC44-89E70163AFCB}.Debug|Win32.Build.0 = Debug|Win32
		{5C6B7FB7-B009-423F-BC44-89E70163AFCB}.Debug|x64.ActiveCfg = Debug|x64
		{5C6B7FB7-B009-423F-BC44-89E70163AFCB}.Debug|x64.Build.0 = Debug|x64
		{5C6B7FB7-B009-423F-BC44-89E70163AFCB}.Release|Win32.ActiveCfg = Release|Win32
		{5C6B7FB7-B009-423F-BC44-89E70163AFCB}.Release|Win32.Build.0 = Release|Win32
		{5C6B7FB7-B009-423F-BC44-89E70163AFCB}.Release|x64.ActiveCfg = Release|x64
		{5C6B7FB7-B009-423F-BC44-89E70163AFCB}.Release|x64.Build.0 = Release|x64
		{84D50395-DE0B-4DF5-A479-6EA99A7DC89C}.Debug|Win32.ActiveCfg = Debug|Win32
		{84D50395-DE0B-4DF5-A479-6EA99A7DC89C}.Debug|Win32.Build.0 = Debug|Win32
		{84D50395-DE0B-4DF5-A479-6EA99A7DC89C}.Debug|x64.ActiveCfg = Debug|x64
		{84D50395-DE0B-4DF5-A479-6EA99A7DC89C}.Debug|x64.Build.0 = Debug|x64
		{84D50395-DE0B-4DF5-A479-6EA99A7DC89C}.Release|Win32.ActiveCfg = Release|Win32
		{84D50395-DE0B-4DF5-A479-6EA99A7DC89C}.Release|Win32.Build.0 = Release|Win32
		{84D50395-DE0B-4DF5-A479-6EA99A7DC89C}.Release|x64.ActiveCfg = Release|x64
		{84D50395-DE0B-4DF5-A479-6EA99A7DC89C}.Release|x64.Build.0 = Release|x64
		{1E2FE9A1-FC85-4DCF-A752-13A333080E7B}.Debug|Win32.ActiveCfg = Debug|Win32
		{1E2FE9A1-FC85-4DCF-A752-13A333080E7B}.Debug|Win32.Build.0 = Debug|Win32
		{1E2FE9A1-FC85-4DCF-A752-13A333080E7B}.Debug|x64.ActiveCfg = Debug|x64
		{1E2FE9A1-FC85-4DCF-A752-13A333080E7B}.Debug|x64.Build.0 = Debug|x64
		{1E2FE9A1-FC85-4DCF-A752-13A333080E7B}.Release|Win32.ActiveCfg = Release|Win32
		{1E2FE9A1-FC85-4DCF-A752-13A333080E7B}.Release|Win32.Build.0 = Release|Win32
		{1E2FE9A1-FC85-4DCF-A752-13A333080E7B}.Release|x64.ActiveCfg = Release|x64
		{1E2FE9A1-FC85-4DCF-A752-13A333080E7B}.Release|x64.Build.0 = Release|x64
	EndGlobalSection
	GlobalSection(SolutionProperties) = preSolution
		HideSolutionNode = FALSE
	EndGlobalSection
EndGlobal
